
Microsoft Visual Studio Solution File, Format Version 12.00
# Visual Studio 15
Project("{FAE04EC0-301F-11D3-BF4B-00C04F79EFBC}") = "Trees", "Trees\Trees.csproj", "{EE837BB3-878F-4922-9974-D0D102647398}"
EndProject
Global
	GlobalSection(SolutionConfigurationPlatforms) = preSolution
		Debug|Any CPU = Debug|Any CPU
		Release|Any CPU = Release|Any CPU
	EndGlobalSection
	GlobalSection(ProjectConfigurationPlatforms) = postSolution
		{EE837BB3-878F-4922-9974-D0D102647398}.Debug|Any CPU.ActiveCfg = Debug|Any CPU
		{EE837BB3-878F-4922-9974-D0D102647398}.Debug|Any CPU.Build.0 = Debug|Any CPU
		{EE837BB3-878F-4922-9974-D0D102647398}.Release|Any CPU.ActiveCfg = Release|Any CPU
		{EE837BB3-878F-4922-9974-D0D102647398}.Release|Any CPU.Build.0 = Release|Any CPU
	EndGlobalSection
EndGlobal
